<?xml version="1.0" encoding="utf-8"?>
<Project ToolsVersion="4.0" xmlns="http://schemas.microsoft.com/developer/msbuild/2003">
  <ItemGroup>
    <Filter Include="app">
      <UniqueIdentifier>{9d6183e0-69ff-4d26-baa1-f350b1e61840}</UniqueIdentifier>
    </Filter>
    <Filter Include="app\localize">
      <UniqueIdentifier>{ed7346f4-5be0-4000-a20a-58ec723ca861}</UniqueIdentifier>
    </Filter>
    <Filter Include="app\lib">
      <UniqueIdentifier>{21ec35c0-8f3a-4f7b-b918-57ae99334945}</UniqueIdentifier>
    </Filter>
    <Filter Include="app\system">
      <UniqueIdentifier>{43df397b-d8f3-44a8-966d-30f34538b710}</UniqueIdentifier>
    </Filter>
    <Filter Include="app\main">
      <UniqueIdentifier>{db547663-8a55-4ac5-a59e-1110627b8c0f}</UniqueIdentifier>
    </Filter>
    <Filter Include="app\system\io">
      <UniqueIdentifier>{e39a3123-a0a5-469b-a276-941af488213a}</UniqueIdentifier>
    </Filter>
    <Filter Include="lib">
      <UniqueIdentifier>{06553b8e-eef4-4337-8018-06693437ad55}</UniqueIdentifier>
    </Filter>
    <Filter Include="lib\dconv">
      <UniqueIdentifier>{1444b688-d501-412d-b2a0-a641bf6df325}</UniqueIdentifier>
    </Filter>
    <Filter Include="lib\clib">
      <UniqueIdentifier>{25a05287-9646-4677-bc30-c25f62848fab}</UniqueIdentifier>
    </Filter>
    <Filter Include="lib\real">
      <UniqueIdentifier>{04260827-107d-42c3-9bf6-e8658eb4cb01}</UniqueIdentifier>
    </Filter>
    <Filter Include="lib\complex">
      <UniqueIdentifier>{abdce801-5eed-476b-93aa-8af725658322}</UniqueIdentifier>
    </Filter>
  </ItemGroup>
  <ItemGroup>
    <ClCompile Include="app\main.cpp">
      <Filter>app</Filter>
    </ClCompile>
    <ClCompile Include="app\lib\aengine.cpp">
      <Filter>app\lib</Filter>
    </ClCompile>
    <ClCompile Include="app\lib\charbuf.cpp">
      <Filter>app\lib</Filter>
    </ClCompile>
    <ClCompile Include="app\lib\cplex.cpp">
      <Filter>app\lib</Filter>
    </ClCompile>
    <ClCompile Include="app\lib\fgrid.cpp">
      <Filter>app\lib</Filter>
    </ClCompile>
    <ClCompile Include="app\lib\ntext.cpp">
      <Filter>app\lib</Filter>
    </ClCompile>
    <ClCompile Include="app\lib\real.cpp">
      <Filter>app\lib</Filter>
    </ClCompile>
    <ClCompile Include="app\main\evaluator.cpp">
      <Filter>app\main</Filter>
    </ClCompile>
    <ClCompile Include="app\main\functions.cpp">
      <Filter>app\main</Filter>
    </ClCompile>
    <ClCompile Include="app\main\graphlist.cpp">
      <Filter>app\main</Filter>
    </ClCompile>
    <ClCompile Include="app\main\lexer.cpp">
      <Filter>app\main</Filter>
    </ClCompile>
    <ClCompile Include="app\main\nodes.cpp">
      <Filter>app\main</Filter>
    </ClCompile>
    <ClCompile Include="app\main\operators.cpp">
      <Filter>app\main</Filter>
    </ClCompile>
    <ClCompile Include="app\main\optimizer.cpp">
      <Filter>app\main</Filter>
    </ClCompile>
    <ClCompile Include="app\main\parser.cpp">
      <Filter>app\main</Filter>
    </ClCompile>
    <ClCompile Include="app\main\statements.cpp">
      <Filter>app\main</Filter>
    </ClCompile>
    <ClCompile Include="app\main\token.cpp">
      <Filter>app\main</Filter>
    </ClCompile>
    <ClCompile Include="app\main\values.cpp">
      <Filter>app\main</Filter>
    </ClCompile>
    <ClCompile Include="app\main\viewer.cpp">
      <Filter>app\main</Filter>
    </ClCompile>
    <ClCompile Include="app\system\console.cpp">
      <Filter>app\system</Filter>
    </ClCompile>
    <ClCompile Include="app\system\console_amiga.cpp">
      <Filter>app\system</Filter>
    </ClCompile>
    <ClCompile Include="app\system\console_stdc.cpp">
      <Filter>app\system</Filter>
    </ClCompile>
    <ClCompile Include="app\system\filesystem_amiga.cpp">
      <Filter>app\system</Filter>
    </ClCompile>
    <ClCompile Include="app\system\filesystem_stdc.cpp">
      <Filter>app\system</Filter>
    </ClCompile>
    <ClCompile Include="app\system\graph.cpp">
      <Filter>app\system</Filter>
    </ClCompile>
    <ClCompile Include="app\system\graph_amiga.cpp">
      <Filter>app\system</Filter>
    </ClCompile>
    <ClCompile Include="app\system\graph_gtk.cpp">
      <Filter>app\system</Filter>
    </ClCompile>
    <ClCompile Include="app\system\language.cpp">
      <Filter>app\system</Filter>
    </ClCompile>
    <ClCompile Include="app\system\language_amiga.cpp">
      <Filter>app\system</Filter>
    </ClCompile>
    <ClCompile Include="app\system\language_stdc.cpp">
      <Filter>app\system</Filter>
    </ClCompile>
    <ClCompile Include="app\system\preferences.cpp">
      <Filter>app\system</Filter>
    </ClCompile>
    <ClCompile Include="app\system\preferences_amiga.cpp">
      <Filter>app\system</Filter>
    </ClCompile>
    <ClCompile Include="app\system\preferences_stdc.cpp">
      <Filter>app\system</Filter>
    </ClCompile>
    <ClCompile Include="app\system\proc_amiga.cpp">
      <Filter>app\system</Filter>
    </ClCompile>
    <ClCompile Include="app\system\program.cpp">
      <Filter>app\system</Filter>
    </ClCompile>
    <ClCompile Include="app\system\program_amiga.cpp">
      <Filter>app\system</Filter>
    </ClCompile>
    <ClCompile Include="app\system\program_stdc.cpp">
      <Filter>app\system</Filter>
    </ClCompile>
    <ClCompile Include="app\system\program_test.cpp">
      <Filter>app\system</Filter>
    </ClCompile>
    <ClCompile Include="app\system\task_amiga.cpp">
      <Filter>app\system</Filter>
    </ClCompile>
    <ClCompile Include="app\system\task_stdc.cpp">
      <Filter>app\system</Filter>
    </ClCompile>
    <ClCompile Include="app\system\window_amiga.cpp">
      <Filter>app\system</Filter>
    </ClCompile>
    <ClCompile Include="app\system\base\io.cpp">
      <Filter>app\system\io</Filter>
    </ClCompile>
    <ClCompile Include="lib\dconv\dmath.cpp">
      <Filter>lib\dconv</Filter>
    </ClCompile>
    <ClCompile Include="lib\dconv\dprint.cpp">
      <Filter>lib\dconv</Filter>
    </ClCompile>
    <ClCompile Include="lib\dconv\dragon4.cpp">
      <Filter>lib\dconv</Filter>
    </ClCompile>
    <ClCompile Include="lib\clib\alloccpy.c">
      <Filter>lib\clib</Filter>
    </ClCompile>
    <ClCompile Include="lib\clib\mem.c">
      <Filter>lib\clib</Filter>
    </ClCompile>
    <ClCompile Include="lib\clib\memcpy.c">
      <Filter>lib\clib</Filter>
    </ClCompile>
    <ClCompile Include="lib\clib\memset.c">
      <Filter>lib\clib</Filter>
    </ClCompile>
    <ClCompile Include="lib\clib\strcmp.c">
      <Filter>lib\clib</Filter>
    </ClCompile>
    <ClCompile Include="lib\clib\strlen.c">
      <Filter>lib\clib</Filter>
    </ClCompile>
    <ClCompile Include="lib\clib\untag.c">
      <Filter>lib\clib</Filter>
    </ClCompile>
    <ClCompile Include="lib\cplex\cacos.c">
      <Filter>lib\complex</Filter>
    </ClCompile>
    <ClCompile Include="lib\cplex\cacosh.c">
      <Filter>lib\complex</Filter>
    </ClCompile>
    <ClCompile Include="lib\cplex\cacot.c">
      <Filter>lib\complex</Filter>
    </ClCompile>
    <ClCompile Include="lib\cplex\cacoth.c">
      <Filter>lib\complex</Filter>
    </ClCompile>
    <ClCompile Include="lib\cplex\cacsc.c">
      <Filter>lib\complex</Filter>
    </ClCompile>
    <ClCompile Include="lib\cplex\cacsch.c">
      <Filter>lib\complex</Filter>
    </ClCompile>
    <ClCompile Include="lib\cplex\casec.c">
      <Filter>lib\complex</Filter>
    </ClCompile>
    <ClCompile Include="lib\cplex\casech.c">
      <Filter>lib\complex</Filter>
    </ClCompile>
    <ClCompile Include="lib\cplex\casin.c">
      <Filter>lib\complex</Filter>
    </ClCompile>
    <ClCompile Include="lib\cplex\casinh.c">
      <Filter>lib\complex</Filter>
    </ClCompile>
    <ClCompile Include="lib\cplex\catan.c">
      <Filter>lib\complex</Filter>
    </ClCompile>
    <ClCompile Include="lib\cplex\catanh.c">
      <Filter>lib\complex</Filter>
    </ClCompile>
    <ClCompile Include="lib\cplex\ccbrt.c">
      <Filter>lib\complex</Filter>
    </ClCompile>
    <ClCompile Include="lib\cplex\ccos.c">
      <Filter>lib\complex</Filter>
    </ClCompile>
    <ClCompile Include="lib\cplex\ccosh.c">
      <Filter>lib\complex</Filter>
    </ClCompile>
    <ClCompile Include="lib\cplex\ccot.c">
      <Filter>lib\complex</Filter>
    </ClCompile>
    <ClCompile Include="lib\cplex\ccoth.c">
      <Filter>lib\complex</Filter>
    </ClCompile>
    <ClCompile Include="lib\cplex\ccsc.c">
      <Filter>lib\complex</Filter>
    </ClCompile>
    <ClCompile Include="lib\cplex\ccsch.c">
      <Filter>lib\complex</Filter>
    </ClCompile>
    <ClCompile Include="lib\cplex\cexp.c">
      <Filter>lib\complex</Filter>
    </ClCompile>
    <ClCompile Include="lib\cplex\clog.c">
      <Filter>lib\complex</Filter>
    </ClCompile>
    <ClCompile Include="lib\cplex\clog10.c">
      <Filter>lib\complex</Filter>
    </ClCompile>
    <ClCompile Include="lib\cplex\clogb.c">
      <Filter>lib\complex</Filter>
    </ClCompile>
    <ClCompile Include="lib\cplex\cpow.c">
      <Filter>lib\complex</Filter>
    </ClCompile>
    <ClCompile Include="lib\cplex\csec.c">
      <Filter>lib\complex</Filter>
    </ClCompile>
    <ClCompile Include="lib\cplex\csech.c">
      <Filter>lib\complex</Filter>
    </ClCompile>
    <ClCompile Include="lib\cplex\csgn.c">
      <Filter>lib\complex</Filter>
    </ClCompile>
    <ClCompile Include="lib\cplex\csin.c">
      <Filter>lib\complex</Filter>
    </ClCompile>
    <ClCompile Include="lib\cplex\csinh.c">
      <Filter>lib\complex</Filter>
    </ClCompile>
    <ClCompile Include="lib\cplex\csqrt.c">
      <Filter>lib\complex</Filter>
    </ClCompile>
    <ClCompile Include="lib\cplex\ctan.c">
      <Filter>lib\complex</Filter>
    </ClCompile>
    <ClCompile Include="lib\cplex\ctanh.c">
      <Filter>lib\complex</Filter>
    </ClCompile>
    <ClCompile Include="lib\cplex\prim.c">
      <Filter>lib\complex</Filter>
    </ClCompile>
    <ClCompile Include="lib\real\acos.c">
      <Filter>lib\real</Filter>
    </ClCompile>
    <ClCompile Include="lib\real\acosh.c">
      <Filter>lib\real</Filter>
    </ClCompile>
    <ClCompile Include="lib\real\asin.c">
      <Filter>lib\real</Filter>
    </ClCompile>
    <ClCompile Include="lib\real\asinh.c">
      <Filter>lib\real</Filter>
    </ClCompile>
    <ClCompile Include="lib\real\atan.c">
      <Filter>lib\real</Filter>
    </ClCompile>
    <ClCompile Include="lib\real\atan2.c">
      <Filter>lib\real</Filter>
    </ClCompile>
    <ClCompile Include="lib\real\atanh.c">
      <Filter>lib\real</Filter>
    </ClCompile>
    <ClCompile Include="lib\real\cbrt.c">
      <Filter>lib\real</Filter>
    </ClCompile>
    <ClCompile Include="lib\real\ceil.c">
      <Filter>lib\real</Filter>
    </ClCompile>
    <ClCompile Include="lib\real\copysign.c">
      <Filter>lib\real</Filter>
    </ClCompile>
    <ClCompile Include="lib\real\cos.c">
      <Filter>lib\real</Filter>
    </ClCompile>
    <ClCompile Include="lib\real\cosh.c">
      <Filter>lib\real</Filter>
    </ClCompile>
    <ClCompile Include="lib\real\exp.c">
      <Filter>lib\real</Filter>
    </ClCompile>
    <ClCompile Include="lib\real\expm1.c">
      <Filter>lib\real</Filter>
    </ClCompile>
    <ClCompile Include="lib\real\fabs.c">
      <Filter>lib\real</Filter>
    </ClCompile>
    <ClCompile Include="lib\real\finite.c">
      <Filter>lib\real</Filter>
    </ClCompile>
    <ClCompile Include="lib\real\floor.c">
      <Filter>lib\real</Filter>
    </ClCompile>
    <ClCompile Include="lib\real\fmod.c">
      <Filter>lib\real</Filter>
    </ClCompile>
    <ClCompile Include="lib\real\hypot.c">
      <Filter>lib\real</Filter>
    </ClCompile>
    <ClCompile Include="lib\real\isnan.c">
      <Filter>lib\real</Filter>
    </ClCompile>
    <ClCompile Include="lib\real\kcos.c">
      <Filter>lib\real</Filter>
    </ClCompile>
    <ClCompile Include="lib\real\kremp2.c">
      <Filter>lib\real</Filter>
    </ClCompile>
    <ClCompile Include="lib\real\ksin.c">
      <Filter>lib\real</Filter>
    </ClCompile>
    <ClCompile Include="lib\real\ktan.c">
      <Filter>lib\real</Filter>
    </ClCompile>
    <ClCompile Include="lib\real\log.c">
      <Filter>lib\real</Filter>
    </ClCompile>
    <ClCompile Include="lib\real\log1p.c">
      <Filter>lib\real</Filter>
    </ClCompile>
    <ClCompile Include="lib\real\log10.c">
      <Filter>lib\real</Filter>
    </ClCompile>
    <ClCompile Include="lib\real\pow.c">
      <Filter>lib\real</Filter>
    </ClCompile>
    <ClCompile Include="lib\real\remp2.c">
      <Filter>lib\real</Filter>
    </ClCompile>
    <ClCompile Include="lib\real\round.c">
      <Filter>lib\real</Filter>
    </ClCompile>
    <ClCompile Include="lib\real\scalbn.c">
      <Filter>lib\real</Filter>
    </ClCompile>
    <ClCompile Include="lib\real\sin.c">
      <Filter>lib\real</Filter>
    </ClCompile>
    <ClCompile Include="lib\real\sinh.c">
      <Filter>lib\real</Filter>
    </ClCompile>
    <ClCompile Include="lib\real\sqrt.c">
      <Filter>lib\real</Filter>
    </ClCompile>
    <ClCompile Include="lib\real\tan.c">
      <Filter>lib\real</Filter>
    </ClCompile>
    <ClCompile Include="lib\real\tanh.c">
      <Filter>lib\real</Filter>
    </ClCompile>
    <ClCompile Include="lib\real\trunc.c">
      <Filter>lib\real</Filter>
    </ClCompile>
  </ItemGroup>
  <ItemGroup>
    <ClInclude Include="app\lib\aengine.h">
      <Filter>app\lib</Filter>
    </ClInclude>
    <ClInclude Include="app\lib\charbuf.h">
      <Filter>app\lib</Filter>
    </ClInclude>
    <ClInclude Include="app\lib\cplex.h">
      <Filter>app\lib</Filter>
    </ClInclude>
    <ClInclude Include="app\lib\fgrid.h">
      <Filter>app\lib</Filter>
    </ClInclude>
    <ClInclude Include="app\lib\ntext.h">
      <Filter>app\lib</Filter>
    </ClInclude>
    <ClInclude Include="app\lib\numb.h">
      <Filter>app\lib</Filter>
    </ClInclude>
    <ClInclude Include="app\lib\real.h">
      <Filter>app\lib</Filter>
    </ClInclude>
    <ClInclude Include="app\localize\help.h">
      <Filter>app\localize</Filter>
    </ClInclude>
    <ClInclude Include="app\localize\ialias.h">
      <Filter>app\localize</Filter>
    </ClInclude>
    <ClInclude Include="app\localize\ident.h">
      <Filter>app\localize</Filter>
    </ClInclude>
    <ClInclude Include="app\localize\kword.h">
      <Filter>app\localize</Filter>
    </ClInclude>
    <ClInclude Include="app\localize\lex.h">
      <Filter>app\localize</Filter>
    </ClInclude>
    <ClInclude Include="app\localize\start.h">
      <Filter>app\localize</Filter>
    </ClInclude>
    <ClInclude Include="app\localize\tags.h">
      <Filter>app\localize</Filter>
    </ClInclude>
    <ClInclude Include="app\localize\text.h">
      <Filter>app\localize</Filter>
    </ClInclude>
    <ClInclude Include="app\main\evaluator.h">
      <Filter>app\main</Filter>
    </ClInclude>
    <ClInclude Include="app\main\functiondefs.h">
      <Filter>app\main</Filter>
    </ClInclude>
    <ClInclude Include="app\main\functions.h">
      <Filter>app\main</Filter>
    </ClInclude>
    <ClInclude Include="app\main\graphlist.h">
      <Filter>app\main</Filter>
    </ClInclude>
    <ClInclude Include="app\main\lexer.h">
      <Filter>app\main</Filter>
    </ClInclude>
    <ClInclude Include="app\main\nodes.h">
      <Filter>app\main</Filter>
    </ClInclude>
    <ClInclude Include="app\main\operators.h">
      <Filter>app\main</Filter>
    </ClInclude>
    <ClInclude Include="app\main\optimizer.h">
      <Filter>app\main</Filter>
    </ClInclude>
    <ClInclude Include="app\main\parser.h">
      <Filter>app\main</Filter>
    </ClInclude>
    <ClInclude Include="app\main\statements.h">
      <Filter>app\main</Filter>
    </ClInclude>
    <ClInclude Include="app\main\token.h">
      <Filter>app\main</Filter>
    </ClInclude>
    <ClInclude Include="app\main\values.h">
      <Filter>app\main</Filter>
    </ClInclude>
    <ClInclude Include="app\main\viewer.h">
      <Filter>app\main</Filter>
    </ClInclude>
    <ClInclude Include="app\system\console.h">
      <Filter>app\system</Filter>
    </ClInclude>
    <ClInclude Include="app\system\console_amiga.h">
      <Filter>app\system</Filter>
    </ClInclude>
    <ClInclude Include="app\system\console_stdc.h">
      <Filter>app\system</Filter>
    </ClInclude>
    <ClInclude Include="app\system\filesystem.h">
      <Filter>app\system</Filter>
    </ClInclude>
    <ClInclude Include="app\system\filesystem_amiga.h">
      <Filter>app\system</Filter>
    </ClInclude>
    <ClInclude Include="app\system\filesystem_stdc.h">
      <Filter>app\system</Filter>
    </ClInclude>
    <ClInclude Include="app\system\graph.h">
      <Filter>app\system</Filter>
    </ClInclude>
    <ClInclude Include="app\system\graph_amiga.h">
      <Filter>app\system</Filter>
    </ClInclude>
    <ClInclude Include="app\system\graph_gtk.h">
      <Filter>app\system</Filter>
    </ClInclude>
    <ClInclude Include="app\system\language.h">
      <Filter>app\system</Filter>
    </ClInclude>
    <ClInclude Include="app\system\language_amiga.h">
      <Filter>app\system</Filter>
    </ClInclude>
    <ClInclude Include="app\system\language_stdc.h">
      <Filter>app\system</Filter>
    </ClInclude>
    <ClInclude Include="app\system\preferences.h">
      <Filter>app\system</Filter>
    </ClInclude>
    <ClInclude Include="app\system\preferences_amiga.h">
      <Filter>app\system</Filter>
    </ClInclude>
    <ClInclude Include="app\system\preferences_stdc.h">
      <Filter>app\system</Filter>
    </ClInclude>
    <ClInclude Include="app\system\proc_amiga.h">
      <Filter>app\system</Filter>
    </ClInclude>
    <ClInclude Include="app\system\program.h">
      <Filter>app\system</Filter>
    </ClInclude>
    <ClInclude Include="app\system\program_amiga.h">
      <Filter>app\system</Filter>
    </ClInclude>
    <ClInclude Include="app\system\program_stdc.h">
      <Filter>app\system</Filter>
    </ClInclude>
    <ClInclude Include="app\system\program_test.h">
      <Filter>app\system</Filter>
    </ClInclude>
    <ClInclude Include="app\system\task.h">
      <Filter>app\system</Filter>
    </ClInclude>
    <ClInclude Include="app\system\task_amiga.h">
      <Filter>app\system</Filter>
    </ClInclude>
    <ClInclude Include="app\system\task_stdc.h">
      <Filter>app\system</Filter>
    </ClInclude>
    <ClInclude Include="app\system\window_amiga.h">
      <Filter>app\system</Filter>
    </ClInclude>
    <ClInclude Include="app\system\base\io.h">
      <Filter>app\system\io</Filter>
    </ClInclude>
    <ClInclude Include="app\system\base\thread.h">
      <Filter>app\system\io</Filter>
    </ClInclude>
    <ClInclude Include="lib\clib.h">
      <Filter>lib</Filter>
    </ClInclude>
    <ClInclude Include="lib\complex.h">
      <Filter>lib</Filter>
    </ClInclude>
    <ClInclude Include="lib\dprint.h">
      <Filter>lib</Filter>
    </ClInclude>
    <ClInclude Include="lib\dstandard.h">
      <Filter>lib</Filter>
    </ClInclude>
    <ClInclude Include="lib\math.h">
      <Filter>lib</Filter>
    </ClInclude>
    <ClInclude Include="lib\mem.h">
      <Filter>lib</Filter>
    </ClInclude>
    <ClInclude Include="lib\platform.h">
      <Filter>lib</Filter>
    </ClInclude>
    <ClInclude Include="lib\dconv\dmath.h">
      <Filter>lib\dconv</Filter>
    </ClInclude>
    <ClInclude Include="lib\dconv\dragon4.h">
      <Filter>lib\dconv</Filter>
    </ClInclude>
    <ClInclude Include="lib\cplex\prim.h">
      <Filter>lib\complex</Filter>
    </ClInclude>
    <ClInclude Include="lib\real\prim.h">
      <Filter>lib\real</Filter>
    </ClInclude>
  </ItemGroup>
</Project>
