<?xml version="1.0" encoding="utf-8"?>
<Project ToolsVersion="4.0" xmlns="http://schemas.microsoft.com/developer/msbuild/2003">
  <ItemGroup>
    <Filter Include="Source Files">
      <UniqueIdentifier>{4FC737F1-C7A5-4376-A066-2A32D752A2FF}</UniqueIdentifier>
      <Extensions>cpp;c;cc;cxx;def;odl;idl;hpj;bat;asm;asmx</Extensions>
    </Filter>
    <Filter Include="Header Files">
      <UniqueIdentifier>{93995380-89BD-4b04-88EB-625FBE52EBFB}</UniqueIdentifier>
      <Extensions>h;hh;hpp;hxx;hm;inl;inc;xsd</Extensions>
    </Filter>
    <Filter Include="Resource Files">
      <UniqueIdentifier>{67DA6AB6-F800-4c08-8B7A-83BB121AAD01}</UniqueIdentifier>
      <Extensions>rc;ico;cur;bmp;dlg;rc2;rct;bin;rgs;gif;jpg;jpeg;jpe;resx;tiff;tif;png;wav</Extensions>
    </Filter>
  </ItemGroup>
  <ItemGroup>
    <ClCompile Include="hyparccosine.cpp">
      <Filter>Source Files</Filter>
    </ClCompile>
    <ClCompile Include="archacoversine.cpp">
      <Filter>Source Files</Filter>
    </ClCompile>
    <ClCompile Include="aexcosecant.cpp">
      <Filter>Source Files</Filter>
    </ClCompile>
    <ClCompile Include="tangent.cpp">
      <Filter>Source Files</Filter>
    </ClCompile>
    <ClCompile Include="archaversine.cpp">
      <Filter>Source Files</Filter>
    </ClCompile>
    <ClCompile Include="trunc.cpp">
      <Filter>Source Files</Filter>
    </ClCompile>
    <ClCompile Include="hyparcsecant.cpp">
      <Filter>Source Files</Filter>
    </ClCompile>
    <ClCompile Include="ceil.cpp">
      <Filter>Source Files</Filter>
    </ClCompile>
    <ClCompile Include="hypsine.cpp">
      <Filter>Source Files</Filter>
    </ClCompile>
    <ClCompile Include="arccovercosine.cpp">
      <Filter>Source Files</Filter>
    </ClCompile>
    <ClCompile Include="arccotangent.cpp">
      <Filter>Source Files</Filter>
    </ClCompile>
    <ClCompile Include="sine.cpp">
      <Filter>Source Files</Filter>
    </ClCompile>
    <ClCompile Include="cosine.cpp">
      <Filter>Source Files</Filter>
    </ClCompile>
    <ClCompile Include="cosecant.cpp">
      <Filter>Source Files</Filter>
    </ClCompile>
    <ClCompile Include="arccoversine.cpp">
      <Filter>Source Files</Filter>
    </ClCompile>
    <ClCompile Include="ln.cpp">
      <Filter>Source Files</Filter>
    </ClCompile>
    <ClCompile Include="floor.cpp">
      <Filter>Source Files</Filter>
    </ClCompile>
    <ClCompile Include="covercos.cpp">
      <Filter>Source Files</Filter>
    </ClCompile>
    <ClCompile Include="archavercosine.cpp">
      <Filter>Source Files</Filter>
    </ClCompile>
    <ClCompile Include="vercos.cpp">
      <Filter>Source Files</Filter>
    </ClCompile>
    <ClCompile Include="arctan.cpp">
      <Filter>Source Files</Filter>
    </ClCompile>
    <ClCompile Include="excosecant.cpp">
      <Filter>Source Files</Filter>
    </ClCompile>
    <ClCompile Include="square.cpp">
      <Filter>Source Files</Filter>
    </ClCompile>
    <ClCompile Include="havercos.cpp">
      <Filter>Source Files</Filter>
    </ClCompile>
    <ClCompile Include="node.cpp">
      <Filter>Source Files</Filter>
    </ClCompile>
    <ClCompile Include="hyparcsine.cpp">
      <Filter>Source Files</Filter>
    </ClCompile>
    <ClCompile Include="arcvercosine.cpp">
      <Filter>Source Files</Filter>
    </ClCompile>
    <ClCompile Include="cotangent.cpp">
      <Filter>Source Files</Filter>
    </ClCompile>
    <ClCompile Include="archacovercosine.cpp">
      <Filter>Source Files</Filter>
    </ClCompile>
    <ClCompile Include="haversin.cpp">
      <Filter>Source Files</Filter>
    </ClCompile>
    <ClCompile Include="hypcosecant.cpp">
      <Filter>Source Files</Filter>
    </ClCompile>
    <ClCompile Include="arcversine.cpp">
      <Filter>Source Files</Filter>
    </ClCompile>
    <ClCompile Include="hypcotangent.cpp">
      <Filter>Source Files</Filter>
    </ClCompile>
    <ClCompile Include="hacoversin.cpp">
      <Filter>Source Files</Filter>
    </ClCompile>
    <ClCompile Include="hypsecant.cpp">
      <Filter>Source Files</Filter>
    </ClCompile>
    <ClCompile Include="versin.cpp">
      <Filter>Source Files</Filter>
    </ClCompile>
    <ClCompile Include="coversin.cpp">
      <Filter>Source Files</Filter>
    </ClCompile>
    <ClCompile Include="hyparccotangent.cpp">
      <Filter>Source Files</Filter>
    </ClCompile>
    <ClCompile Include="exsecant.cpp">
      <Filter>Source Files</Filter>
    </ClCompile>
    <ClCompile Include="hyptangent.cpp">
      <Filter>Source Files</Filter>
    </ClCompile>
    <ClCompile Include="round.cpp">
      <Filter>Source Files</Filter>
    </ClCompile>
    <ClCompile Include="hypcosine.cpp">
      <Filter>Source Files</Filter>
    </ClCompile>
    <ClCompile Include="hyparccosecant.cpp">
      <Filter>Source Files</Filter>
    </ClCompile>
    <ClCompile Include="user.cpp">
      <Filter>Source Files</Filter>
    </ClCompile>
    <ClCompile Include="hacovercos.cpp">
      <Filter>Source Files</Filter>
    </ClCompile>
    <ClCompile Include="arcsecant.cpp">
      <Filter>Source Files</Filter>
    </ClCompile>
    <ClCompile Include="arcsin.cpp">
      <Filter>Source Files</Filter>
    </ClCompile>
    <ClCompile Include="arccos.cpp">
      <Filter>Source Files</Filter>
    </ClCompile>
    <ClCompile Include="aexsecant.cpp">
      <Filter>Source Files</Filter>
    </ClCompile>
    <ClCompile Include="log10.cpp">
      <Filter>Source Files</Filter>
    </ClCompile>
    <ClCompile Include="secant.cpp">
      <Filter>Source Files</Filter>
    </ClCompile>
    <ClCompile Include="hyparctangent.cpp">
      <Filter>Source Files</Filter>
    </ClCompile>
    <ClCompile Include="log2.cpp">
      <Filter>Source Files</Filter>
    </ClCompile>
    <ClCompile Include="cube.cpp">
      <Filter>Source Files</Filter>
    </ClCompile>
    <ClCompile Include="arccosecant.cpp">
      <Filter>Source Files</Filter>
    </ClCompile>
    <ClCompile Include="signum.cpp">
      <Filter>Source Files</Filter>
    </ClCompile>
    <ClCompile Include="absolute.cpp">
      <Filter>Source Files</Filter>
    </ClCompile>
  </ItemGroup>
  <ItemGroup>
    <ClInclude Include="absolute.h">
      <Filter>Header Files</Filter>
    </ClInclude>
    <ClInclude Include="hyparccotangent.h">
      <Filter>Header Files</Filter>
    </ClInclude>
    <ClInclude Include="hypsecant.h">
      <Filter>Header Files</Filter>
    </ClInclude>
    <ClInclude Include="hacovercos.h">
      <Filter>Header Files</Filter>
    </ClInclude>
    <ClInclude Include="hyparcsine.h">
      <Filter>Header Files</Filter>
    </ClInclude>
    <ClInclude Include="archavercosine.h">
      <Filter>Header Files</Filter>
    </ClInclude>
    <ClInclude Include="arcvercosine.h">
      <Filter>Header Files</Filter>
    </ClInclude>
    <ClInclude Include="covercos.h">
      <Filter>Header Files</Filter>
    </ClInclude>
    <ClInclude Include="arccos.h">
      <Filter>Header Files</Filter>
    </ClInclude>
    <ClInclude Include="cosecant.h">
      <Filter>Header Files</Filter>
    </ClInclude>
    <ClInclude Include="haversin.h">
      <Filter>Header Files</Filter>
    </ClInclude>
    <ClInclude Include="arcversine.h">
      <Filter>Header Files</Filter>
    </ClInclude>
    <ClInclude Include="archaversine.h">
      <Filter>Header Files</Filter>
    </ClInclude>
    <ClInclude Include="floor.h">
      <Filter>Header Files</Filter>
    </ClInclude>
    <ClInclude Include="cotangent.h">
      <Filter>Header Files</Filter>
    </ClInclude>
    <ClInclude Include="cube.h">
      <Filter>Header Files</Filter>
    </ClInclude>
    <ClInclude Include="sine.h">
      <Filter>Header Files</Filter>
    </ClInclude>
    <ClInclude Include="log10.h">
      <Filter>Header Files</Filter>
    </ClInclude>
    <ClInclude Include="defs.h">
      <Filter>Header Files</Filter>
    </ClInclude>
    <ClInclude Include="node.h">
      <Filter>Header Files</Filter>
    </ClInclude>
    <ClInclude Include="arccovercosine.h">
      <Filter>Header Files</Filter>
    </ClInclude>
    <ClInclude Include="tangent.h">
      <Filter>Header Files</Filter>
    </ClInclude>
    <ClInclude Include="arccoversine.h">
      <Filter>Header Files</Filter>
    </ClInclude>
    <ClInclude Include="user.h">
      <Filter>Header Files</Filter>
    </ClInclude>
    <ClInclude Include="hyparctangent.h">
      <Filter>Header Files</Filter>
    </ClInclude>
    <ClInclude Include="aexcosecant.h">
      <Filter>Header Files</Filter>
    </ClInclude>
    <ClInclude Include="square.h">
      <Filter>Header Files</Filter>
    </ClInclude>
    <ClInclude Include="archacovercosine.h">
      <Filter>Header Files</Filter>
    </ClInclude>
    <ClInclude Include="log2.h">
      <Filter>Header Files</Filter>
    </ClInclude>
    <ClInclude Include="hypcosecant.h">
      <Filter>Header Files</Filter>
    </ClInclude>
    <ClInclude Include="arccosecant.h">
      <Filter>Header Files</Filter>
    </ClInclude>
    <ClInclude Include="hyparcsecant.h">
      <Filter>Header Files</Filter>
    </ClInclude>
    <ClInclude Include="archacoversine.h">
      <Filter>Header Files</Filter>
    </ClInclude>
    <ClInclude Include="trunc.h">
      <Filter>Header Files</Filter>
    </ClInclude>
    <ClInclude Include="excosecant.h">
      <Filter>Header Files</Filter>
    </ClInclude>
    <ClInclude Include="havercos.h">
      <Filter>Header Files</Filter>
    </ClInclude>
    <ClInclude Include="hyparccosine.h">
      <Filter>Header Files</Filter>
    </ClInclude>
    <ClInclude Include="secant.h">
      <Filter>Header Files</Filter>
    </ClInclude>
    <ClInclude Include="hyptangent.h">
      <Filter>Header Files</Filter>
    </ClInclude>
    <ClInclude Include="versin.h">
      <Filter>Header Files</Filter>
    </ClInclude>
    <ClInclude Include="cosine.h">
      <Filter>Header Files</Filter>
    </ClInclude>
    <ClInclude Include="hacoversin.h">
      <Filter>Header Files</Filter>
    </ClInclude>
    <ClInclude Include="arcsecant.h">
      <Filter>Header Files</Filter>
    </ClInclude>
    <ClInclude Include="arctan.h">
      <Filter>Header Files</Filter>
    </ClInclude>
    <ClInclude Include="hypsine.h">
      <Filter>Header Files</Filter>
    </ClInclude>
    <ClInclude Include="ceil.h">
      <Filter>Header Files</Filter>
    </ClInclude>
    <ClInclude Include="ln.h">
      <Filter>Header Files</Filter>
    </ClInclude>
    <ClInclude Include="round.h">
      <Filter>Header Files</Filter>
    </ClInclude>
    <ClInclude Include="hypcotangent.h">
      <Filter>Header Files</Filter>
    </ClInclude>
    <ClInclude Include="signum.h">
      <Filter>Header Files</Filter>
    </ClInclude>
    <ClInclude Include="aexsecant.h">
      <Filter>Header Files</Filter>
    </ClInclude>
    <ClInclude Include="arccotangent.h">
      <Filter>Header Files</Filter>
    </ClInclude>
    <ClInclude Include="vercos.h">
      <Filter>Header Files</Filter>
    </ClInclude>
    <ClInclude Include="arcsin.h">
      <Filter>Header Files</Filter>
    </ClInclude>
    <ClInclude Include="exsecant.h">
      <Filter>Header Files</Filter>
    </ClInclude>
    <ClInclude Include="hypcosine.h">
      <Filter>Header Files</Filter>
    </ClInclude>
    <ClInclude Include="coversin.h">
      <Filter>Header Files</Filter>
    </ClInclude>
    <ClInclude Include="hyparccosecant.h">
      <Filter>Header Files</Filter>
    </ClInclude>
  </ItemGroup>
</Project>